// !$*UTF8*$!
{
	archiveVersion = 1;
	classes = {
	};
	objectVersion = 55;
	objects = {

/* Begin PBXBuildFile section */
		F9366ABF285A60F9004C972B /* AlamofireImage in Frameworks */ = {isa = PBXBuildFile; productRef = F9366ABE285A60F9004C972B /* AlamofireImage */; };
		F9366AC2285A6117004C972B /* AlamofireNetworkActivityIndicator in Frameworks */ = {isa = PBXBuildFile; productRef = F9366AC1285A6117004C972B /* AlamofireNetworkActivityIndicator */; };
		F9366AC5285A6122004C972B /* AlamofireImage in Frameworks */ = {isa = PBXBuildFile; productRef = F9366AC4285A6122004C972B /* AlamofireImage */; };
		F9366AC8285A616F004C972B /* AppCenterAnalytics in Frameworks */ = {isa = PBXBuildFile; productRef = F9366AC7285A616F004C972B /* AppCenterAnalytics */; };
		F9366ACA285A616F004C972B /* AppCenterCrashes in Frameworks */ = {isa = PBXBuildFile; productRef = F9366AC9285A616F004C972B /* AppCenterCrashes */; };
		F9366ACC285A616F004C972B /* AppCenterDistribute in Frameworks */ = {isa = PBXBuildFile; productRef = F9366ACB285A616F004C972B /* AppCenterDistribute */; };
		F9366ACF285A61E9004C972B /* Gallery in Frameworks */ = {isa = PBXBuildFile; productRef = F9366ACE285A61E9004C972B /* Gallery */; };
		F9366AD2285A6239004C972B /* Kingfisher in Frameworks */ = {isa = PBXBuildFile; productRef = F9366AD1285A6239004C972B /* Kingfisher */; };
		F9366AD5285A6274004C972B /* KVKCalendar in Frameworks */ = {isa = PBXBuildFile; productRef = F9366AD4285A6274004C972B /* KVKCalendar */; };
		F9366AD8285A6283004C972B /* KVKToast in Frameworks */ = {isa = PBXBuildFile; productRef = F9366AD7285A6283004C972B /* KVKToast */; };
		F9366ADB285A62C4004C972B /* KVKSocket in Frameworks */ = {isa = PBXBuildFile; productRef = F9366ADA285A62C4004C972B /* KVKSocket */; };
		F9366ADE285A6301004C972B /* LGSideMenuController in Frameworks */ = {isa = PBXBuildFile; productRef = F9366ADD285A6301004C972B /* LGSideMenuController */; };
		F9366AE1285A633B004C972B /* AnyDate in Frameworks */ = {isa = PBXBuildFile; productRef = F9366AE0285A633B004C972B /* AnyDate */; };
		F9366AE4285A6359004C972B /* DeviceKit in Frameworks */ = {isa = PBXBuildFile; productRef = F9366AE3285A6359004C972B /* DeviceKit */; };
		F9EC56622859C2C4004DA316 /* AzureTestProjectApp.swift in Sources */ = {isa = PBXBuildFile; fileRef = F9EC56522859C2C4004DA316 /* AzureTestProjectApp.swift */; };
		F9EC56632859C2C4004DA316 /* AzureTestProjectApp.swift in Sources */ = {isa = PBXBuildFile; fileRef = F9EC56522859C2C4004DA316 /* AzureTestProjectApp.swift */; };
		F9EC56642859C2C4004DA316 /* ContentView.swift in Sources */ = {isa = PBXBuildFile; fileRef = F9EC56532859C2C4004DA316 /* ContentView.swift */; };
		F9EC56652859C2C4004DA316 /* ContentView.swift in Sources */ = {isa = PBXBuildFile; fileRef = F9EC56532859C2C4004DA316 /* ContentView.swift */; };
		F9EC56662859C2C4004DA316 /* Assets.xcassets in Resources */ = {isa = PBXBuildFile; fileRef = F9EC56542859C2C4004DA316 /* Assets.xcassets */; };
		F9EC56672859C2C4004DA316 /* Assets.xcassets in Resources */ = {isa = PBXBuildFile; fileRef = F9EC56542859C2C4004DA316 /* Assets.xcassets */; };
		F9EC56722859C306004DA316 /* SnapKit in Frameworks */ = {isa = PBXBuildFile; productRef = F9EC56712859C306004DA316 /* SnapKit */; };
		F9EC56752859C342004DA316 /* Alamofire in Frameworks */ = {isa = PBXBuildFile; productRef = F9EC56742859C342004DA316 /* Alamofire */; };
		F9EC56782859C39A004DA316 /* TwilioVideo in Frameworks */ = {isa = PBXBuildFile; productRef = F9EC56772859C39A004DA316 /* TwilioVideo */; };
/* End PBXBuildFile section */

/* Begin PBXFileReference section */
		F9EC56522859C2C4004DA316 /* AzureTestProjectApp.swift */ = {isa = PBXFileReference; lastKnownFileType = sourcecode.swift; path = AzureTestProjectApp.swift; sourceTree = "<group>"; };
		F9EC56532859C2C4004DA316 /* ContentView.swift */ = {isa = PBXFileReference; lastKnownFileType = sourcecode.swift; path = ContentView.swift; sourceTree = "<group>"; };
		F9EC56542859C2C4004DA316 /* Assets.xcassets */ = {isa = PBXFileReference; lastKnownFileType = folder.assetcatalog; path = Assets.xcassets; sourceTree = "<group>"; };
		F9EC56592859C2C4004DA316 /* AzureTestProject.app */ = {isa = PBXFileReference; explicitFileType = wrapper.application; includeInIndex = 0; path = AzureTestProject.app; sourceTree = BUILT_PRODUCTS_DIR; };
		F9EC565F2859C2C4004DA316 /* AzureTestProject.app */ = {isa = PBXFileReference; explicitFileType = wrapper.application; includeInIndex = 0; path = AzureTestProject.app; sourceTree = BUILT_PRODUCTS_DIR; };
		F9EC56612859C2C4004DA316 /* macOS.entitlements */ = {isa = PBXFileReference; lastKnownFileType = text.plist.entitlements; path = macOS.entitlements; sourceTree = "<group>"; };
/* End PBXFileReference section */

/* Begin PBXFrameworksBuildPhase section */
		F9EC56562859C2C4004DA316 /* Frameworks */ = {
			isa = PBXFrameworksBuildPhase;
			buildActionMask = 2147483647;
			files = (
				F9EC56722859C306004DA316 /* SnapKit in Frameworks */,
				F9366AC8285A616F004C972B /* AppCenterAnalytics in Frameworks */,
				F9366ACC285A616F004C972B /* AppCenterDistribute in Frameworks */,
				F9366ABF285A60F9004C972B /* AlamofireImage in Frameworks */,
				F9366AE4285A6359004C972B /* DeviceKit in Frameworks */,
				F9366ACA285A616F004C972B /* AppCenterCrashes in Frameworks */,
				F9366AD5285A6274004C972B /* KVKCalendar in Frameworks */,
				F9366AC2285A6117004C972B /* AlamofireNetworkActivityIndicator in Frameworks */,
				F9EC56782859C39A004DA316 /* TwilioVideo in Frameworks */,
				F9366ADB285A62C4004C972B /* KVKSocket in Frameworks */,
				F9366ACF285A61E9004C972B /* Gallery in Frameworks */,
				F9366AD2285A6239004C972B /* Kingfisher in Frameworks */,
				F9EC56752859C342004DA316 /* Alamofire in Frameworks */,
				F9366ADE285A6301004C972B /* LGSideMenuController in Frameworks */,
				F9366AE1285A633B004C972B /* AnyDate in Frameworks */,
				F9366AC5285A6122004C972B /* AlamofireImage in Frameworks */,
				F9366AD8285A6283004C972B /* KVKToast in Frameworks */,
			);
			runOnlyForDeploymentPostprocessing = 0;
		};
		F9EC565C2859C2C4004DA316 /* Frameworks */ = {
			isa = PBXFrameworksBuildPhase;
			buildActionMask = 2147483647;
			files = (
			);
			runOnlyForDeploymentPostprocessing = 0;
		};
/* End PBXFrameworksBuildPhase section */

/* Begin PBXGroup section */
		F9EC564C2859C2C4004DA316 = {
			isa = PBXGroup;
			children = (
				F9EC56512859C2C4004DA316 /* Shared */,
				F9EC56602859C2C4004DA316 /* macOS */,
				F9EC565A2859C2C4004DA316 /* Products */,
			);
			sourceTree = "<group>";
		};
		F9EC56512859C2C4004DA316 /* Shared */ = {
			isa = PBXGroup;
			children = (
				F9EC56522859C2C4004DA316 /* AzureTestProjectApp.swift */,
				F9EC56532859C2C4004DA316 /* ContentView.swift */,
				F9EC56542859C2C4004DA316 /* Assets.xcassets */,
			);
			path = Shared;
			sourceTree = "<group>";
		};
		F9EC565A2859C2C4004DA316 /* Products */ = {
			isa = PBXGroup;
			children = (
				F9EC56592859C2C4004DA316 /* AzureTestProject.app */,
				F9EC565F2859C2C4004DA316 /* AzureTestProject.app */,
			);
			name = Products;
			sourceTree = "<group>";
		};
		F9EC56602859C2C4004DA316 /* macOS */ = {
			isa = PBXGroup;
			children = (
				F9EC56612859C2C4004DA316 /* macOS.entitlements */,
			);
			path = macOS;
			sourceTree = "<group>";
		};
/* End PBXGroup section */

/* Begin PBXNativeTarget section */
		F9EC56582859C2C4004DA316 /* AzureTestProject (iOS) */ = {
			isa = PBXNativeTarget;
			buildConfigurationList = F9EC566A2859C2C4004DA316 /* Build configuration list for PBXNativeTarget "AzureTestProject (iOS)" */;
			buildPhases = (
				F9EC56552859C2C4004DA316 /* Sources */,
				F9EC56562859C2C4004DA316 /* Frameworks */,
				F9EC56572859C2C4004DA316 /* Resources */,
			);
			buildRules = (
			);
			dependencies = (
			);
			name = "AzureTestProject (iOS)";
			packageProductDependencies = (
				F9EC56712859C306004DA316 /* SnapKit */,
				F9EC56742859C342004DA316 /* Alamofire */,
				F9EC56772859C39A004DA316 /* TwilioVideo */,
				F9366ABE285A60F9004C972B /* AlamofireImage */,
				F9366AC1285A6117004C972B /* AlamofireNetworkActivityIndicator */,
				F9366AC4285A6122004C972B /* AlamofireImage */,
				F9366AC7285A616F004C972B /* AppCenterAnalytics */,
				F9366AC9285A616F004C972B /* AppCenterCrashes */,
				F9366ACB285A616F004C972B /* AppCenterDistribute */,
				F9366ACE285A61E9004C972B /* Gallery */,
				F9366AD1285A6239004C972B /* Kingfisher */,
				F9366AD4285A6274004C972B /* KVKCalendar */,
				F9366AD7285A6283004C972B /* KVKToast */,
				F9366ADA285A62C4004C972B /* KVKSocket */,
				F9366ADD285A6301004C972B /* LGSideMenuController */,
				F9366AE0285A633B004C972B /* AnyDate */,
				F9366AE3285A6359004C972B /* DeviceKit */,
			);
			productName = "AzureTestProject (iOS)";
			productReference = F9EC56592859C2C4004DA316 /* AzureTestProject.app */;
			productType = "com.apple.product-type.application";
		};
		F9EC565E2859C2C4004DA316 /* AzureTestProject (macOS) */ = {
			isa = PBXNativeTarget;
			buildConfigurationList = F9EC566D2859C2C4004DA316 /* Build configuration list for PBXNativeTarget "AzureTestProject (macOS)" */;
			buildPhases = (
				F9EC565B2859C2C4004DA316 /* Sources */,
				F9EC565C2859C2C4004DA316 /* Frameworks */,
				F9EC565D2859C2C4004DA316 /* Resources */,
			);
			buildRules = (
			);
			dependencies = (
			);
			name = "AzureTestProject (macOS)";
			productName = "AzureTestProject (macOS)";
			productReference = F9EC565F2859C2C4004DA316 /* AzureTestProject.app */;
			productType = "com.apple.product-type.application";
		};
/* End PBXNativeTarget section */

/* Begin PBXProject section */
		F9EC564D2859C2C4004DA316 /* Project object */ = {
			isa = PBXProject;
			attributes = {
				BuildIndependentTargetsInParallel = 1;
				LastSwiftUpdateCheck = 1340;
				LastUpgradeCheck = 1340;
				TargetAttributes = {
					F9EC56582859C2C4004DA316 = {
						CreatedOnToolsVersion = 13.4.1;
					};
					F9EC565E2859C2C4004DA316 = {
						CreatedOnToolsVersion = 13.4.1;
					};
				};
			};
			buildConfigurationList = F9EC56502859C2C4004DA316 /* Build configuration list for PBXProject "AzureTestProject" */;
			compatibilityVersion = "Xcode 13.0";
			developmentRegion = en;
			hasScannedForEncodings = 0;
			knownRegions = (
				en,
				Base,
			);
			mainGroup = F9EC564C2859C2C4004DA316;
			packageReferences = (
				F9EC56702859C306004DA316 /* XCRemoteSwiftPackageReference "SnapKit" */,
				F9EC56732859C342004DA316 /* XCRemoteSwiftPackageReference "Alamofire" */,
				F9EC56762859C39A004DA316 /* XCRemoteSwiftPackageReference "twilio-video-ios" */,
				F9366ABD285A60F9004C972B /* XCRemoteSwiftPackageReference "AlamofireImage" */,
				F9366AC0285A6117004C972B /* XCRemoteSwiftPackageReference "AlamofireNetworkActivityIndicator" */,
				F9366AC3285A6122004C972B /* XCRemoteSwiftPackageReference "AlamofireImage" */,
				F9366AC6285A616F004C972B /* XCRemoteSwiftPackageReference "appcenter-sdk-apple" */,
				F9366ACD285A61E9004C972B /* XCRemoteSwiftPackageReference "Gallery" */,
				F9366AD0285A6239004C972B /* XCRemoteSwiftPackageReference "Kingfisher" */,
				F9366AD3285A6274004C972B /* XCRemoteSwiftPackageReference "KVKCalendar" */,
				F9366AD6285A6283004C972B /* XCRemoteSwiftPackageReference "KVKToast" */,
				F9366AD9285A62C4004C972B /* XCRemoteSwiftPackageReference "KVKSocket" */,
				F9366ADC285A6301004C972B /* XCRemoteSwiftPackageReference "LGSideMenuController" */,
				F9366ADF285A633B004C972B /* XCRemoteSwiftPackageReference "AnyDate" */,
				F9366AE2285A6359004C972B /* XCRemoteSwiftPackageReference "DeviceKit" */,
			);
			productRefGroup = F9EC565A2859C2C4004DA316 /* Products */;
			projectDirPath = "";
			projectRoot = "";
			targets = (
				F9EC56582859C2C4004DA316 /* AzureTestProject (iOS) */,
				F9EC565E2859C2C4004DA316 /* AzureTestProject (macOS) */,
			);
		};
/* End PBXProject section */

/* Begin PBXResourcesBuildPhase section */
		F9EC56572859C2C4004DA316 /* Resources */ = {
			isa = PBXResourcesBuildPhase;
			buildActionMask = 2147483647;
			files = (
				F9EC56662859C2C4004DA316 /* Assets.xcassets in Resources */,
			);
			runOnlyForDeploymentPostprocessing = 0;
		};
		F9EC565D2859C2C4004DA316 /* Resources */ = {
			isa = PBXResourcesBuildPhase;
			buildActionMask = 2147483647;
			files = (
				F9EC56672859C2C4004DA316 /* Assets.xcassets in Resources */,
			);
			runOnlyForDeploymentPostprocessing = 0;
		};
/* End PBXResourcesBuildPhase section */

/* Begin PBXSourcesBuildPhase section */
		F9EC56552859C2C4004DA316 /* Sources */ = {
			isa = PBXSourcesBuildPhase;
			buildActionMask = 2147483647;
			files = (
				F9EC56642859C2C4004DA316 /* ContentView.swift in Sources */,
				F9EC56622859C2C4004DA316 /* AzureTestProjectApp.swift in Sources */,
			);
			runOnlyForDeploymentPostprocessing = 0;
		};
		F9EC565B2859C2C4004DA316 /* Sources */ = {
			isa = PBXSourcesBuildPhase;
			buildActionMask = 2147483647;
			files = (
				F9EC56652859C2C4004DA316 /* ContentView.swift in Sources */,
				F9EC56632859C2C4004DA316 /* AzureTestProjectApp.swift in Sources */,
			);
			runOnlyForDeploymentPostprocessing = 0;
		};
/* End PBXSourcesBuildPhase section */

/* Begin XCBuildConfiguration section */
		F9EC56682859C2C4004DA316 /* Debug */ = {
			isa = XCBuildConfiguration;
			buildSettings = {
				ALWAYS_SEARCH_USER_PATHS = NO;
				CLANG_ANALYZER_NONNULL = YES;
				CLANG_ANALYZER_NUMBER_OBJECT_CONVERSION = YES_AGGRESSIVE;
				CLANG_CXX_LANGUAGE_STANDARD = "gnu++17";
				CLANG_ENABLE_MODULES = YES;
				CLANG_ENABLE_OBJC_ARC = YES;
				CLANG_ENABLE_OBJC_WEAK = YES;
				CLANG_WARN_BLOCK_CAPTURE_AUTORELEASING = YES;
				CLANG_WARN_BOOL_CONVERSION = YES;
				CLANG_WARN_COMMA = YES;
				CLANG_WARN_CONSTANT_CONVERSION = YES;
				CLANG_WARN_DEPRECATED_OBJC_IMPLEMENTATIONS = YES;
				CLANG_WARN_DIRECT_OBJC_ISA_USAGE = YES_ERROR;
				CLANG_WARN_DOCUMENTATION_COMMENTS = YES;
				CLANG_WARN_EMPTY_BODY = YES;
				CLANG_WARN_ENUM_CONVERSION = YES;
				CLANG_WARN_INFINITE_RECURSION = YES;
				CLANG_WARN_INT_CONVERSION = YES;
				CLANG_WARN_NON_LITERAL_NULL_CONVERSION = YES;
				CLANG_WARN_OBJC_IMPLICIT_RETAIN_SELF = YES;
				CLANG_WARN_OBJC_LITERAL_CONVERSION = YES;
				CLANG_WARN_OBJC_ROOT_CLASS = YES_ERROR;
				CLANG_WARN_QUOTED_INCLUDE_IN_FRAMEWORK_HEADER = YES;
				CLANG_WARN_RANGE_LOOP_ANALYSIS = YES;
				CLANG_WARN_STRICT_PROTOTYPES = YES;
				CLANG_WARN_SUSPICIOUS_MOVE = YES;
				CLANG_WARN_UNGUARDED_AVAILABILITY = YES_AGGRESSIVE;
				CLANG_WARN_UNREACHABLE_CODE = YES;
				CLANG_WARN__DUPLICATE_METHOD_MATCH = YES;
				COPY_PHASE_STRIP = NO;
				DEBUG_INFORMATION_FORMAT = dwarf;
				ENABLE_STRICT_OBJC_MSGSEND = YES;
				ENABLE_TESTABILITY = YES;
				GCC_C_LANGUAGE_STANDARD = gnu11;
				GCC_DYNAMIC_NO_PIC = NO;
				GCC_NO_COMMON_BLOCKS = YES;
				GCC_OPTIMIZATION_LEVEL = 0;
				GCC_PREPROCESSOR_DEFINITIONS = (
					"DEBUG=1",
					"$(inherited)",
				);
				GCC_WARN_64_TO_32_BIT_CONVERSION = YES;
				GCC_WARN_ABOUT_RETURN_TYPE = YES_ERROR;
				GCC_WARN_UNDECLARED_SELECTOR = YES;
				GCC_WARN_UNINITIALIZED_AUTOS = YES_AGGRESSIVE;
				GCC_WARN_UNUSED_FUNCTION = YES;
				GCC_WARN_UNUSED_VARIABLE = YES;
				MTL_ENABLE_DEBUG_INFO = INCLUDE_SOURCE;
				MTL_FAST_MATH = YES;
				ONLY_ACTIVE_ARCH = YES;
				SWIFT_ACTIVE_COMPILATION_CONDITIONS = DEBUG;
				SWIFT_OPTIMIZATION_LEVEL = "-Onone";
			};
			name = Debug;
		};
		F9EC56692859C2C4004DA316 /* Release */ = {
			isa = XCBuildConfiguration;
			buildSettings = {
				ALWAYS_SEARCH_USER_PATHS = NO;
				CLANG_ANALYZER_NONNULL = YES;
				CLANG_ANALYZER_NUMBER_OBJECT_CONVERSION = YES_AGGRESSIVE;
				CLANG_CXX_LANGUAGE_STANDARD = "gnu++17";
				CLANG_ENABLE_MODULES = YES;
				CLANG_ENABLE_OBJC_ARC = YES;
				CLANG_ENABLE_OBJC_WEAK = YES;
				CLANG_WARN_BLOCK_CAPTURE_AUTORELEASING = YES;
				CLANG_WARN_BOOL_CONVERSION = YES;
				CLANG_WARN_COMMA = YES;
				CLANG_WARN_CONSTANT_CONVERSION = YES;
				CLANG_WARN_DEPRECATED_OBJC_IMPLEMENTATIONS = YES;
				CLANG_WARN_DIRECT_OBJC_ISA_USAGE = YES_ERROR;
				CLANG_WARN_DOCUMENTATION_COMMENTS = YES;
				CLANG_WARN_EMPTY_BODY = YES;
				CLANG_WARN_ENUM_CONVERSION = YES;
				CLANG_WARN_INFINITE_RECURSION = YES;
				CLANG_WARN_INT_CONVERSION = YES;
				CLANG_WARN_NON_LITERAL_NULL_CONVERSION = YES;
				CLANG_WARN_OBJC_IMPLICIT_RETAIN_SELF = YES;
				CLANG_WARN_OBJC_LITERAL_CONVERSION = YES;
				CLANG_WARN_OBJC_ROOT_CLASS = YES_ERROR;
				CLANG_WARN_QUOTED_INCLUDE_IN_FRAMEWORK_HEADER = YES;
				CLANG_WARN_RANGE_LOOP_ANALYSIS = YES;
				CLANG_WARN_STRICT_PROTOTYPES = YES;
				CLANG_WARN_SUSPICIOUS_MOVE = YES;
				CLANG_WARN_UNGUARDED_AVAILABILITY = YES_AGGRESSIVE;
				CLANG_WARN_UNREACHABLE_CODE = YES;
				CLANG_WARN__DUPLICATE_METHOD_MATCH = YES;
				COPY_PHASE_STRIP = NO;
				DEBUG_INFORMATION_FORMAT = "dwarf-with-dsym";
				ENABLE_NS_ASSERTIONS = NO;
				ENABLE_STRICT_OBJC_MSGSEND = YES;
				GCC_C_LANGUAGE_STANDARD = gnu11;
				GCC_NO_COMMON_BLOCKS = YES;
				GCC_WARN_64_TO_32_BIT_CONVERSION = YES;
				GCC_WARN_ABOUT_RETURN_TYPE = YES_ERROR;
				GCC_WARN_UNDECLARED_SELECTOR = YES;
				GCC_WARN_UNINITIALIZED_AUTOS = YES_AGGRESSIVE;
				GCC_WARN_UNUSED_FUNCTION = YES;
				GCC_WARN_UNUSED_VARIABLE = YES;
				MTL_ENABLE_DEBUG_INFO = NO;
				MTL_FAST_MATH = YES;
				SWIFT_COMPILATION_MODE = wholemodule;
				SWIFT_OPTIMIZATION_LEVEL = "-O";
			};
			name = Release;
		};
		F9EC566B2859C2C4004DA316 /* Debug */ = {
			isa = XCBuildConfiguration;
			buildSettings = {
				ASSETCATALOG_COMPILER_APPICON_NAME = AppIcon;
				ASSETCATALOG_COMPILER_GLOBAL_ACCENT_COLOR_NAME = AccentColor;
				CODE_SIGN_STYLE = Automatic;
				CURRENT_PROJECT_VERSION = 1;
				DEVELOPMENT_TEAM = P44LMMDHV3;
				ENABLE_PREVIEWS = YES;
				GENERATE_INFOPLIST_FILE = YES;
				INFOPLIST_KEY_UIApplicationSceneManifest_Generation = YES;
				INFOPLIST_KEY_UIApplicationSupportsIndirectInputEvents = YES;
				INFOPLIST_KEY_UILaunchScreen_Generation = YES;
				INFOPLIST_KEY_UISupportedInterfaceOrientations_iPad = "UIInterfaceOrientationPortrait UIInterfaceOrientationPortraitUpsideDown UIInterfaceOrientationLandscapeLeft UIInterfaceOrientationLandscapeRight";
				INFOPLIST_KEY_UISupportedInterfaceOrientations_iPhone = "UIInterfaceOrientationPortrait UIInterfaceOrientationLandscapeLeft UIInterfaceOrientationLandscapeRight";
				IPHONEOS_DEPLOYMENT_TARGET = 15.5;
				LD_RUNPATH_SEARCH_PATHS = (
					"$(inherited)",
					"@executable_path/Frameworks",
				);
				MARKETING_VERSION = 1.0;
				PRODUCT_BUNDLE_IDENTIFIER = SK.AzureTestProject;
				PRODUCT_NAME = AzureTestProject;
				SDKROOT = iphoneos;
				SWIFT_EMIT_LOC_STRINGS = YES;
				SWIFT_VERSION = 5.0;
				TARGETED_DEVICE_FAMILY = "1,2";
			};
			name = Debug;
		};
		F9EC566C2859C2C4004DA316 /* Release */ = {
			isa = XCBuildConfiguration;
			buildSettings = {
				ASSETCATALOG_COMPILER_APPICON_NAME = AppIcon;
				ASSETCATALOG_COMPILER_GLOBAL_ACCENT_COLOR_NAME = AccentColor;
				CODE_SIGN_STYLE = Automatic;
				CURRENT_PROJECT_VERSION = 1;
				DEVELOPMENT_TEAM = P44LMMDHV3;
				ENABLE_PREVIEWS = YES;
				GENERATE_INFOPLIST_FILE = YES;
				INFOPLIST_KEY_UIApplicationSceneManifest_Generation = YES;
				INFOPLIST_KEY_UIApplicationSupportsIndirectInputEvents = YES;
				INFOPLIST_KEY_UILaunchScreen_Generation = YES;
				INFOPLIST_KEY_UISupportedInterfaceOrientations_iPad = "UIInterfaceOrientationPortrait UIInterfaceOrientationPortraitUpsideDown UIInterfaceOrientationLandscapeLeft UIInterfaceOrientationLandscapeRight";
				INFOPLIST_KEY_UISupportedInterfaceOrientations_iPhone = "UIInterfaceOrientationPortrait UIInterfaceOrientationLandscapeLeft UIInterfaceOrientationLandscapeRight";
				IPHONEOS_DEPLOYMENT_TARGET = 15.5;
				LD_RUNPATH_SEARCH_PATHS = (
					"$(inherited)",
					"@executable_path/Frameworks",
				);
				MARKETING_VERSION = 1.0;
				PRODUCT_BUNDLE_IDENTIFIER = SK.AzureTestProject;
				PRODUCT_NAME = AzureTestProject;
				SDKROOT = iphoneos;
				SWIFT_EMIT_LOC_STRINGS = YES;
				SWIFT_VERSION = 5.0;
				TARGETED_DEVICE_FAMILY = "1,2";
				VALIDATE_PRODUCT = YES;
			};
			name = Release;
		};
		F9EC566E2859C2C4004DA316 /* Debug */ = {
			isa = XCBuildConfiguration;
			buildSettings = {
				ASSETCATALOG_COMPILER_APPICON_NAME = AppIcon;
				ASSETCATALOG_COMPILER_GLOBAL_ACCENT_COLOR_NAME = AccentColor;
				CODE_SIGN_ENTITLEMENTS = macOS/macOS.entitlements;
				CODE_SIGN_STYLE = Automatic;
				COMBINE_HIDPI_IMAGES = YES;
				CURRENT_PROJECT_VERSION = 1;
				DEVELOPMENT_TEAM = P44LMMDHV3;
				ENABLE_HARDENED_RUNTIME = YES;
				ENABLE_PREVIEWS = YES;
				GENERATE_INFOPLIST_FILE = YES;
				INFOPLIST_KEY_NSHumanReadableCopyright = "";
				LD_RUNPATH_SEARCH_PATHS = (
					"$(inherited)",
					"@executable_path/../Frameworks",
				);
				MACOSX_DEPLOYMENT_TARGET = 12.3;
				MARKETING_VERSION = 1.0;
				PRODUCT_BUNDLE_IDENTIFIER = SK.AzureTestProject;
				PRODUCT_NAME = AzureTestProject;
				SDKROOT = macosx;
				SWIFT_EMIT_LOC_STRINGS = YES;
				SWIFT_VERSION = 5.0;
			};
			name = Debug;
		};
		F9EC566F2859C2C4004DA316 /* Release */ = {
			isa = XCBuildConfiguration;
			buildSettings = {
				ASSETCATALOG_COMPILER_APPICON_NAME = AppIcon;
				ASSETCATALOG_COMPILER_GLOBAL_ACCENT_COLOR_NAME = AccentColor;
				CODE_SIGN_ENTITLEMENTS = macOS/macOS.entitlements;
				CODE_SIGN_STYLE = Automatic;
				COMBINE_HIDPI_IMAGES = YES;
				CURRENT_PROJECT_VERSION = 1;
				DEVELOPMENT_TEAM = P44LMMDHV3;
				ENABLE_HARDENED_RUNTIME = YES;
				ENABLE_PREVIEWS = YES;
				GENERATE_INFOPLIST_FILE = YES;
				INFOPLIST_KEY_NSHumanReadableCopyright = "";
				LD_RUNPATH_SEARCH_PATHS = (
					"$(inherited)",
					"@executable_path/../Frameworks",
				);
				MACOSX_DEPLOYMENT_TARGET = 12.3;
				MARKETING_VERSION = 1.0;
				PRODUCT_BUNDLE_IDENTIFIER = SK.AzureTestProject;
				PRODUCT_NAME = AzureTestProject;
				SDKROOT = macosx;
				SWIFT_EMIT_LOC_STRINGS = YES;
				SWIFT_VERSION = 5.0;
			};
			name = Release;
		};
/* End XCBuildConfiguration section */

/* Begin XCConfigurationList section */
		F9EC56502859C2C4004DA316 /* Build configuration list for PBXProject "AzureTestProject" */ = {
			isa = XCConfigurationList;
			buildConfigurations = (
				F9EC56682859C2C4004DA316 /* Debug */,
				F9EC56692859C2C4004DA316 /* Release */,
			);
			defaultConfigurationIsVisible = 0;
			defaultConfigurationName = Release;
		};
		F9EC566A2859C2C4004DA316 /* Build configuration list for PBXNativeTarget "AzureTestProject (iOS)" */ = {
			isa = XCConfigurationList;
			buildConfigurations = (
				F9EC566B2859C2C4004DA316 /* Debug */,
				F9EC566C2859C2C4004DA316 /* Release */,
			);
			defaultConfigurationIsVisible = 0;
			defaultConfigurationName = Release;
		};
		F9EC566D2859C2C4004DA316 /* Build configuration list for PBXNativeTarget "AzureTestProject (macOS)" */ = {
			isa = XCConfigurationList;
			buildConfigurations = (
				F9EC566E2859C2C4004DA316 /* Debug */,
				F9EC566F2859C2C4004DA316 /* Release */,
			);
			defaultConfigurationIsVisible = 0;
			defaultConfigurationName = Release;
		};
/* End XCConfigurationList section */

/* Begin XCRemoteSwiftPackageReference section */
		F9366ABD285A60F9004C972B /* XCRemoteSwiftPackageReference "AlamofireImage" */ = {
			isa = XCRemoteSwiftPackageReference;
			repositoryURL = "https://github.com/Alamofire/AlamofireImage";
			requirement = {
				kind = upToNextMajorVersion;
				minimumVersion = 4.0.0;
			};
		};
		F9366AC0285A6117004C972B /* XCRemoteSwiftPackageReference "AlamofireNetworkActivityIndicator" */ = {
			isa = XCRemoteSwiftPackageReference;
			repositoryURL = "https://github.com/Alamofire/AlamofireNetworkActivityIndicator";
			requirement = {
				kind = upToNextMajorVersion;
				minimumVersion = 3.0.0;
			};
		};
		F9366AC3285A6122004C972B /* XCRemoteSwiftPackageReference "AlamofireImage" */ = {
			isa = XCRemoteSwiftPackageReference;
			repositoryURL = "https://github.com/Alamofire/AlamofireImage";
			requirement = {
				branch = master;
				kind = branch;
			};
		};
		F9366AC6285A616F004C972B /* XCRemoteSwiftPackageReference "appcenter-sdk-apple" */ = {
			isa = XCRemoteSwiftPackageReference;
			repositoryURL = "https://github.com/microsoft/appcenter-sdk-apple.git";
			requirement = {
				kind = upToNextMajorVersion;
				minimumVersion = 4.0.0;
			};
		};
		F9366ACD285A61E9004C972B /* XCRemoteSwiftPackageReference "Gallery" */ = {
			isa = XCRemoteSwiftPackageReference;
			repositoryURL = "https://github.com/kvyatkovskys/Gallery";
			requirement = {
				branch = master;
				kind = branch;
			};
		};
		F9366AD0285A6239004C972B /* XCRemoteSwiftPackageReference "Kingfisher" */ = {
			isa = XCRemoteSwiftPackageReference;
			repositoryURL = "https://github.com/onevcat/Kingfisher";
			requirement = {
				kind = upToNextMajorVersion;
				minimumVersion = 7.0.0;
			};
		};
		F9366AD3285A6274004C972B /* XCRemoteSwiftPackageReference "KVKCalendar" */ = {
			isa = XCRemoteSwiftPackageReference;
			repositoryURL = "https://github.com/kvyatkovskys/KVKCalendar";
			requirement = {
				kind = upToNextMajorVersion;
				minimumVersion = 0.6.6;
			};
		};
		F9366AD6285A6283004C972B /* XCRemoteSwiftPackageReference "KVKToast" */ = {
			isa = XCRemoteSwiftPackageReference;
			repositoryURL = "https://github.com/kvyatkovskys/KVKToast";
			requirement = {
				kind = upToNextMajorVersion;
				minimumVersion = 0.0.4;
			};
		};
		F9366AD9285A62C4004C972B /* XCRemoteSwiftPackageReference "KVKSocket" */ = {
			isa = XCRemoteSwiftPackageReference;
			repositoryURL = "https://github.com/kvyatkovskys/KVKSocket";
			requirement = {
				branch = main;
				kind = branch;
			};
		};
		F9366ADC285A6301004C972B /* XCRemoteSwiftPackageReference "LGSideMenuController" */ = {
			isa = XCRemoteSwiftPackageReference;
			repositoryURL = "https://github.com/Friend-LGA/LGSideMenuController";
			requirement = {
				kind = upToNextMajorVersion;
				minimumVersion = 3.0.0;
			};
		};
		F9366ADF285A633B004C972B /* XCRemoteSwiftPackageReference "AnyDate" */ = {
			isa = XCRemoteSwiftPackageReference;
			repositoryURL = "https://github.com/Kawoou/AnyDate";
			requirement = {
				branch = master;
				kind = branch;
			};
		};
		F9366AE2285A6359004C972B /* XCRemoteSwiftPackageReference "DeviceKit" */ = {
			isa = XCRemoteSwiftPackageReference;
			repositoryURL = "https://github.com/devicekit/DeviceKit";
			requirement = {
				kind = upToNextMajorVersion;
				minimumVersion = 4.0.0;
			};
		};
		F9EC56702859C306004DA316 /* XCRemoteSwiftPackageReference "SnapKit" */ = {
			isa = XCRemoteSwiftPackageReference;
			repositoryURL = "https://github.com/SnapKit/SnapKit";
			requirement = {
				kind = upToNextMajorVersion;
				minimumVersion = 5.0.0;
			};
		};
		F9EC56732859C342004DA316 /* XCRemoteSwiftPackageReference "Alamofire" */ = {
			isa = XCRemoteSwiftPackageReference;
			repositoryURL = "https://github.com/Alamofire/Alamofire";
			requirement = {
				kind = upToNextMajorVersion;
				minimumVersion = 5.0.0;
			};
		};
		F9EC56762859C39A004DA316 /* XCRemoteSwiftPackageReference "twilio-video-ios" */ = {
			isa = XCRemoteSwiftPackageReference;
			repositoryURL = "https://github.com/twilio/twilio-video-ios";
			requirement = {
				kind = upToNextMajorVersion;
				minimumVersion = 5.0.0;
			};
		};
/* End XCRemoteSwiftPackageReference section */

/* Begin XCSwiftPackageProductDependency section */
		F9366ABE285A60F9004C972B /* AlamofireImage */ = {
			isa = XCSwiftPackageProductDependency;
			package = F9366ABD285A60F9004C972B /* XCRemoteSwiftPackageReference "AlamofireImage" */;
			productName = AlamofireImage;
		};
		F9366AC1285A6117004C972B /* AlamofireNetworkActivityIndicator */ = {
			isa = XCSwiftPackageProductDependency;
			package = F9366AC0285A6117004C972B /* XCRemoteSwiftPackageReference "AlamofireNetworkActivityIndicator" */;
			productName = AlamofireNetworkActivityIndicator;
		};
		F9366AC4285A6122004C972B /* AlamofireImage */ = {
			isa = XCSwiftPackageProductDependency;
			package = F9366AC3285A6122004C972B /* XCRemoteSwiftPackageReference "AlamofireImage" */;
			productName = AlamofireImage;
		};
		F9366AC7285A616F004C972B /* AppCenterAnalytics */ = {
			isa = XCSwiftPackageProductDependency;
			package = F9366AC6285A616F004C972B /* XCRemoteSwiftPackageReference "appcenter-sdk-apple" */;
			productName = AppCenterAnalytics;
		};
		F9366AC9285A616F004C972B /* AppCenterCrashes */ = {
			isa = XCSwiftPackageProductDependency;
			package = F9366AC6285A616F004C972B /* XCRemoteSwiftPackageReference "appcenter-sdk-apple" */;
			productName = AppCenterCrashes;
		};
		F9366ACB285A616F004C972B /* AppCenterDistribute */ = {
			isa = XCSwiftPackageProductDependency;
			package = F9366AC6285A616F004C972B /* XCRemoteSwiftPackageReference "appcenter-sdk-apple" */;
			productName = AppCenterDistribute;
		};
		F9366ACE285A61E9004C972B /* Gallery */ = {
			isa = XCSwiftPackageProductDependency;
			package = F9366ACD285A61E9004C972B /* XCRemoteSwiftPackageReference "Gallery" */;
			productName = Gallery;
		};
		F9366AD1285A6239004C972B /* Kingfisher */ = {
			isa = XCSwiftPackageProductDependency;
			package = F9366AD0285A6239004C972B /* XCRemoteSwiftPackageReference "Kingfisher" */;
			productName = Kingfisher;
		};
		F9366AD4285A6274004C972B /* KVKCalendar */ = {
			isa = XCSwiftPackageProductDependency;
			package = F9366AD3285A6274004C972B /* XCRemoteSwiftPackageReference "KVKCalendar" */;
			productName = KVKCalendar;
		};
		F9366AD7285A6283004C972B /* KVKToast */ = {
			isa = XCSwiftPackageProductDependency;
			package = F9366AD6285A6283004C972B /* XCRemoteSwiftPackageReference "KVKToast" */;
			productName = KVKToast;
		};
		F9366ADA285A62C4004C972B /* KVKSocket */ = {
			isa = XCSwiftPackageProductDependency;
			package = F9366AD9285A62C4004C972B /* XCRemoteSwiftPackageReference "KVKSocket" */;
			productName = KVKSocket;
		};
		F9366ADD285A6301004C972B /* LGSideMenuController */ = {
			isa = XCSwiftPackageProductDependency;
			package = F9366ADC285A6301004C972B /* XCRemoteSwiftPackageReference "LGSideMenuController" */;
			productName = LGSideMenuController;
		};
		F9366AE0285A633B004C972B /* AnyDate */ = {
			isa = XCSwiftPackageProductDependency;
			package = F9366ADF285A633B004C972B /* XCRemoteSwiftPackageReference "AnyDate" */;
			productName = AnyDate;
		};
		F9366AE3285A6359004C972B /* DeviceKit */ = {
			isa = XCSwiftPackageProductDependency;
			package = F9366AE2285A6359004C972B /* XCRemoteSwiftPackageReference "DeviceKit" */;
			productName = DeviceKit;
		};
		F9EC56712859C306004DA316 /* SnapKit */ = {
			isa = XCSwiftPackageProductDependency;
			package = F9EC56702859C306004DA316 /* XCRemoteSwiftPackageReference "SnapKit" */;
			productName = SnapKit;
		};
		F9EC56742859C342004DA316 /* Alamofire */ = {
			isa = XCSwiftPackageProductDependency;
			package = F9EC56732859C342004DA316 /* XCRemoteSwiftPackageReference "Alamofire" */;
			productName = Alamofire;
		};
		F9EC56772859C39A004DA316 /* TwilioVideo */ = {
			isa = XCSwiftPackageProductDependency;
			package = F9EC56762859C39A004DA316 /* XCRemoteSwiftPackageReference "twilio-video-ios" */;
			productName = TwilioVideo;
		};
/* End XCSwiftPackageProductDependency section */
	};
	rootObject = F9EC564D2859C2C4004DA316 /* Project object */;
}
